
Microsoft Visual Studio Solution File, Format Version 12.00
# Visual Studio 14
VisualStudioVersion = 14.0.25420.1
MinimumVisualStudioVersion = 10.0.40219.1
Project("{FAE04EC0-301F-11D3-BF4B-00C04F79EFBC}") = "LionJobs.Web", "LionJobs.Web\LionJobs.Web.csproj", "{24462921-76BD-4562-939F-F020666F1EB6}"
EndProject
Project("{FAE04EC0-301F-11D3-BF4B-00C04F79EFBC}") = "LionJobs.Models", "LionJobs.Models\LionJobs.Models.csproj", "{1CDE0ADD-9888-44E4-B002-481E4AB69E8E}"
EndProject
Project("{FAE04EC0-301F-11D3-BF4B-00C04F79EFBC}") = "LionJobs.Data", "LionJobs.Data\LionJobs.Data.csproj", "{3C474A02-4E93-4BFE-AF47-5E91095FC627}"
EndProject
Project("{FAE04EC0-301F-11D3-BF4B-00C04F79EFBC}") = "LionJobs.Data.Common", "LionJobs.Data.Common\LionJobs.Data.Common.csproj", "{D9BE5B1B-1B4C-40B7-A1CC-3DF59EA77AD6}"
EndProject
Project("{2150E333-8FDC-42A3-9474-1A3956D46DE8}") = "Tests", "Tests", "{343749EC-8EEB-434F-A36A-93E91139C14A}"
EndProject
Project("{FAE04EC0-301F-11D3-BF4B-00C04F79EFBC}") = "LionJobs.Models.Tests", "LionJobs.Models.Tests\LionJobs.Models.Tests.csproj", "{8EDF4429-251A-416D-BB68-93F227191BCF}"
EndProject
Project("{FAE04EC0-301F-11D3-BF4B-00C04F79EFBC}") = "LionJobs.Data.Common.Tests", "LionJobs.Data.Tests\LionJobs.Data.Common.Tests.csproj", "{64BC3B3C-345F-4AFA-AFF9-FF90B6DB7E3F}"
EndProject
Global
	GlobalSection(SolutionConfigurationPlatforms) = preSolution
		Debug|Any CPU = Debug|Any CPU
		Release|Any CPU = Release|Any CPU
	EndGlobalSection
	GlobalSection(ProjectConfigurationPlatforms) = postSolution
		{24462921-76BD-4562-939F-F020666F1EB6}.Debug|Any CPU.ActiveCfg = Debug|Any CPU
		{24462921-76BD-4562-939F-F020666F1EB6}.Debug|Any CPU.Build.0 = Debug|Any CPU
		{24462921-76BD-4562-939F-F020666F1EB6}.Release|Any CPU.ActiveCfg = Release|Any CPU
		{24462921-76BD-4562-939F-F020666F1EB6}.Release|Any CPU.Build.0 = Release|Any CPU
		{1CDE0ADD-9888-44E4-B002-481E4AB69E8E}.Debug|Any CPU.ActiveCfg = Debug|Any CPU
		{1CDE0ADD-9888-44E4-B002-481E4AB69E8E}.Debug|Any CPU.Build.0 = Debug|Any CPU
		{1CDE0ADD-9888-44E4-B002-481E4AB69E8E}.Release|Any CPU.ActiveCfg = Release|Any CPU
		{1CDE0ADD-9888-44E4-B002-481E4AB69E8E}.Release|Any CPU.Build.0 = Release|Any CPU
		{3C474A02-4E93-4BFE-AF47-5E91095FC627}.Debug|Any CPU.ActiveCfg = Debug|Any CPU
		{3C474A02-4E93-4BFE-AF47-5E91095FC627}.Debug|Any CPU.Build.0 = Debug|Any CPU
		{3C474A02-4E93-4BFE-AF47-5E91095FC627}.Release|Any CPU.ActiveCfg = Release|Any CPU
		{3C474A02-4E93-4BFE-AF47-5E91095FC627}.Release|Any CPU.Build.0 = Release|Any CPU
		{D9BE5B1B-1B4C-40B7-A1CC-3DF59EA77AD6}.Debug|Any CPU.ActiveCfg = Debug|Any CPU
		{D9BE5B1B-1B4C-40B7-A1CC-3DF59EA77AD6}.Debug|Any CPU.Build.0 = Debug|Any CPU
		{D9BE5B1B-1B4C-40B7-A1CC-3DF59EA77AD6}.Release|Any CPU.ActiveCfg = Release|Any CPU
		{D9BE5B1B-1B4C-40B7-A1CC-3DF59EA77AD6}.Release|Any CPU.Build.0 = Release|Any CPU
		{8EDF4429-251A-416D-BB68-93F227191BCF}.Debug|Any CPU.ActiveCfg = Debug|Any CPU
		{8EDF4429-251A-416D-BB68-93F227191BCF}.Debug|Any CPU.Build.0 = Debug|Any CPU
		{8EDF4429-251A-416D-BB68-93F227191BCF}.Release|Any CPU.ActiveCfg = Release|Any CPU
		{8EDF4429-251A-416D-BB68-93F227191BCF}.Release|Any CPU.Build.0 = Release|Any CPU
		{64BC3B3C-345F-4AFA-AFF9-FF90B6DB7E3F}.Debug|Any CPU.ActiveCfg = Debug|Any CPU
		{64BC3B3C-345F-4AFA-AFF9-FF90B6DB7E3F}.Debug|Any CPU.Build.0 = Debug|Any CPU
		{64BC3B3C-345F-4AFA-AFF9-FF90B6DB7E3F}.Release|Any CPU.ActiveCfg = Release|Any CPU
		{64BC3B3C-345F-4AFA-AFF9-FF90B6DB7E3F}.Release|Any CPU.Build.0 = Release|Any CPU
	EndGlobalSection
	GlobalSection(SolutionProperties) = preSolution
		HideSolutionNode = FALSE
	EndGlobalSection
	GlobalSection(NestedProjects) = preSolution
		{8EDF4429-251A-416D-BB68-93F227191BCF} = {343749EC-8EEB-434F-A36A-93E91139C14A}
		{64BC3B3C-345F-4AFA-AFF9-FF90B6DB7E3F} = {343749EC-8EEB-434F-A36A-93E91139C14A}
	EndGlobalSection
EndGlobal
